
Microsoft Visual Studio Solution File, Format Version 12.00
# Visual Studio Version 16
VisualStudioVersion = 16.0.31624.102
MinimumVisualStudioVersion = 10.0.40219.1
Project("{FAE04EC0-301F-11D3-BF4B-00C04F79EFBC}") = "54-Authorization_simple_ads", "54-Authorization_simple_ads\54-Authorization_simple_ads.csproj", "{10DE539B-FC6F-4D0D-B7B1-35BD97C8B095}"
EndProject
Project("{FAE04EC0-301F-11D3-BF4B-00C04F79EFBC}") = "54-Authorization_simple_ads.Data", "54-Authorization_simple_ads.Data\54-Authorization_simple_ads.Data.csproj", "{3164D75E-151F-43D6-8748-2D50CF952BCA}"
EndProject
Global
	GlobalSection(SolutionConfigurationPlatforms) = preSolution
		Debug|Any CPU = Debug|Any CPU
		Release|Any CPU = Release|Any CPU
	EndGlobalSection
	GlobalSection(ProjectConfigurationPlatforms) = postSolution
		{10DE539B-FC6F-4D0D-B7B1-35BD97C8B095}.Debug|Any CPU.ActiveCfg = Debug|Any CPU
		{10DE539B-FC6F-4D0D-B7B1-35BD97C8B095}.Debug|Any CPU.Build.0 = Debug|Any CPU
		{10DE539B-FC6F-4D0D-B7B1-35BD97C8B095}.Release|Any CPU.ActiveCfg = Release|Any CPU
		{10DE539B-FC6F-4D0D-B7B1-35BD97C8B095}.Release|Any CPU.Build.0 = Release|Any CPU
		{3164D75E-151F-43D6-8748-2D50CF952BCA}.Debug|Any CPU.ActiveCfg = Debug|Any CPU
		{3164D75E-151F-43D6-8748-2D50CF952BCA}.Debug|Any CPU.Build.0 = Debug|Any CPU
		{3164D75E-151F-43D6-8748-2D50CF952BCA}.Release|Any CPU.ActiveCfg = Release|Any CPU
		{3164D75E-151F-43D6-8748-2D50CF952BCA}.Release|Any CPU.Build.0 = Release|Any CPU
	EndGlobalSection
	GlobalSection(SolutionProperties) = preSolution
		HideSolutionNode = FALSE
	EndGlobalSection
	GlobalSection(ExtensibilityGlobals) = postSolution
		SolutionGuid = {29477FC0-03E3-4882-9FA4-70AA394704CD}
	EndGlobalSection
EndGlobal
